github.com/alex-shpak/hugo-book v0.0.0-20230213220505-036e037a63ba h1:GSDZxN4SjTRVylJjVwr2Mnn1oy/e2ngZG9m1ULJ2qFg=
github.com/alex-shpak/hugo-book v0.0.0-20230213220505-036e037a63ba/go.mod h1:L4NMyzbn15fpLIpmmtDg9ZFFyTZzw87/lk7M2bMQ7ds=
github.com/theNewDynamic/gohugo-theme-ananke v0.0.0-20230203204610-a1a99cf12681 h1:iPc5eu4EV8YZEOh1WsTqLcQmqj96TbqI+BGpBD4a5lo=
github.com/theNewDynamic/gohugo-theme-ananke v0.0.0-20230203204610-a1a99cf12681/go.mod h1:yY14BLqqh5G61rO81YcJKMHY1rClY5iIiUK+K2JKSUM=
